// !$*UTF8*$!
{
	archiveVersion = 1;
	classes = {
	};
	objectVersion = 77;
	objects = {

/* Begin PBXBuildFile section */
		91EDC66D3070D03300AE5061 /* CampusLostApp.swift in Sources */ = {isa = PBXBuildFile; fileRef = 91EDC66B3070D03300AE5061 /* CampusLostApp.swift */; };
		91EDC6723070D06300AE5061 /* CampusLost.xcdatamodeld in Sources */ = {isa = PBXBuildFile; fileRef = 91EDC6703070D06300AE5061 /* CampusLost.xcdatamodeld */; };
		91EDC6733070D06300AE5061 /* Assets.xcassets in Resources */ = {isa = PBXBuildFile; fileRef = 91EDC66F3070D06300AE5061 /* Assets.xcassets */; };
/* End PBXBuildFile section */

/* Begin PBXContainerItemProxy section */
		91EDC5C8306FD0BE00AE5061 /* PBXContainerItemProxy */ = {
			isa = PBXContainerItemProxy;
			containerPortal = 91EDC5B0306FD0BB00AE5061 /* Project object */;
			proxyType = 1;
			remoteGlobalIDString = 91EDC5B7306FD0BB00AE5061;
			remoteInfo = CampusLost;
		};
/* End PBXContainerItemProxy section */

/* Begin PBXFileReference section */
		91EDC5B8306FD0BB00AE5061 /* CampusLost.app */ = {isa = PBXFileReference; explicitFileType = wrapper.application; includeInIndex = 0; path = CampusLost.app; sourceTree = BUILT_PRODUCTS_DIR; };
		91EDC5C7306FD0BE00AE5061 /* CampusLostTests.xctest */ = {isa = PBXFileReference; explicitFileType = wrapper.cfbundle; includeInIndex = 0; path = CampusLostTests.xctest; sourceTree = BUILT_PRODUCTS_DIR; };
		91EDC6103070C85C00AE5061 /* CampusLost.entitlements */ = {isa = PBXFileReference; lastKnownFileType = text.plist.entitlements; path = CampusLost.entitlements; sourceTree = "<group>"; };
		91EDC66B3070D03300AE5061 /* CampusLostApp.swift */ = {isa = PBXFileReference; lastKnownFileType = sourcecode.swift; path = CampusLostApp.swift; sourceTree = "<group>"; };
		91EDC66F3070D06300AE5061 /* Assets.xcassets */ = {isa = PBXFileReference; lastKnownFileType = folder.assetcatalog; path = Assets.xcassets; sourceTree = "<group>"; };
		91EDC6713070D06300AE5061 /* CampusLost.xcdatamodel */ = {isa = PBXFileReference; lastKnownFileType = wrapper.xcdatamodel; path = CampusLost.xcdatamodel; sourceTree = "<group>"; };
/* End PBXFileReference section */

/* Begin PBXFileSystemSynchronizedBuildFileExceptionSet section */
		91EDC6763070D1EE00AE5061 /* Exceptions for "CampusLostUITests" folder in "CampusLost" target */ = {
			isa = PBXFileSystemSynchronizedBuildFileExceptionSet;
			membershipExceptions = (
				Repositories/CoreDataLostFoundRepository.swift,
				Repositories/LostFoundRepository.swift,
				Repositories/MockLostFoundRepository.swift,
				Support/PersistenceController.swift,
				UseCases/MatchLostAndFoundItemUseCase.swift,
				UseCases/ReportFoundItemUseCase.swift,
				UseCases/ReportLostItemUseCase.swift,
				Views/HomeView.swift,
				Views/MatchReviewView.swift,
				Views/MyReportsView.swift,
				Views/ReportFoundItemView.swift,
				Views/ReportLostItemView.swift,
			);
			target = 91EDC5B7306FD0BB00AE5061 /* CampusLost */;
		};
		91EDC6913070D67200AE5061 /* Exceptions for "CampusLostUITests" folder in "CampusLostTests" target */ = {
			isa = PBXFileSystemSynchronizedBuildFileExceptionSet;
			membershipExceptions = (
				Repositories/LostFoundRepository.swift,
				Repositories/MockLostFoundRepository.swift,
				UseCases/MatchLostAndFoundItemUseCase.swift,
				UseCases/ReportFoundItemUseCase.swift,
				UseCases/ReportLostItemUseCase.swift,
			);
			target = 91EDC5C6306FD0BE00AE5061 /* CampusLostTests */;
		};
/* End PBXFileSystemSynchronizedBuildFileExceptionSet section */

/* Begin PBXFileSystemSynchronizedRootGroup section */
		91EDC5CA306FD0BE00AE5061 /* CampusLostTests */ = {
			isa = PBXFileSystemSynchronizedRootGroup;
			path = CampusLostTests;
			sourceTree = "<group>";
		};
		91EDC5D4306FD0BE00AE5061 /* CampusLostUITests */ = {
			isa = PBXFileSystemSynchronizedRootGroup;
			exceptions = (
				91EDC6763070D1EE00AE5061 /* Exceptions for "CampusLostUITests" folder in "CampusLost" target */,
				91EDC6913070D67200AE5061 /* Exceptions for "CampusLostUITests" folder in "CampusLostTests" target */,
			);
			path = CampusLostUITests;
			sourceTree = "<group>";
		};
/* End PBXFileSystemSynchronizedRootGroup section */

/* Begin PBXFrameworksBuildPhase section */
		91EDC5B5306FD0BB00AE5061 /* Frameworks */ = {
			isa = PBXFrameworksBuildPhase;
			buildActionMask = 2147483647;
			files = (
			);
			runOnlyForDeploymentPostprocessing = 0;
		};
		91EDC5C4306FD0BE00AE5061 /* Frameworks */ = {
			isa = PBXFrameworksBuildPhase;
			buildActionMask = 2147483647;
			files = (
			);
			runOnlyForDeploymentPostprocessing = 0;
		};
/* End PBXFrameworksBuildPhase section */

/* Begin PBXGroup section */
		91EDC5AF306FD0BB00AE5061 = {
			isa = PBXGroup;
			children = (
				91EDC6103070C85C00AE5061 /* CampusLost.entitlements */,
				91EDC66F3070D06300AE5061 /* Assets.xcassets */,
				91EDC6703070D06300AE5061 /* CampusLost.xcdatamodeld */,
				91EDC66B3070D03300AE5061 /* CampusLostApp.swift */,
				91EDC5CA306FD0BE00AE5061 /* CampusLostTests */,
				91EDC5D4306FD0BE00AE5061 /* CampusLostUITests */,
				91EDC5B9306FD0BB00AE5061 /* Products */,
			);
			sourceTree = "<group>";
		};
		91EDC5B9306FD0BB00AE5061 /* Products */ = {
			isa = PBXGroup;
			children = (
				91EDC5B8306FD0BB00AE5061 /* CampusLost.app */,
				91EDC5C7306FD0BE00AE5061 /* CampusLostTests.xctest */,
			);
			name = Products;
			sourceTree = "<group>";
		};
/* End PBXGroup section */

/* Begin PBXNativeTarget section */
		91EDC5B7306FD0BB00AE5061 /* CampusLost */ = {
			isa = PBXNativeTarget;
			buildConfigurationList = 91EDC5DB306FD0BE00AE5061 /* Build configuration list for PBXNativeTarget "CampusLost" */;
			buildPhases = (
				91EDC5B4306FD0BB00AE5061 /* Sources */,
				91EDC5B5306FD0BB00AE5061 /* Frameworks */,
				91EDC5B6306FD0BB00AE5061 /* Resources */,
			);
			buildRules = (
			);
			dependencies = (
			);
			name = CampusLost;
			packageProductDependencies = (
			);
			productName = CampusLost;
			productReference = 91EDC5B8306FD0BB00AE5061 /* CampusLost.app */;
			productType = "com.apple.product-type.application";
		};
		91EDC5C6306FD0BE00AE5061 /* CampusLostTests */ = {
			isa = PBXNativeTarget;
			buildConfigurationList = 91EDC5DE306FD0BE00AE5061 /* Build configuration list for PBXNativeTarget "CampusLostTests" */;
			buildPhases = (
				91EDC5C3306FD0BE00AE5061 /* Sources */,
				91EDC5C4306FD0BE00AE5061 /* Frameworks */,
				91EDC5C5306FD0BE00AE5061 /* Resources */,
			);
			buildRules = (
			);
			dependencies = (
				91EDC5C9306FD0BE00AE5061 /* PBXTargetDependency */,
			);
			fileSystemSynchronizedGroups = (
				91EDC5CA306FD0BE00AE5061 /* CampusLostTests */,
			);
			name = CampusLostTests;
			packageProductDependencies = (
			);
			productName = CampusLostTests;
			productReference = 91EDC5C7306FD0BE00AE5061 /* CampusLostTests.xctest */;
			productType = "com.apple.product-type.bundle.unit-test";
		};
/* End PBXNativeTarget section */

/* Begin PBXProject section */
		91EDC5B0306FD0BB00AE5061 /* Project object */ = {
			isa = PBXProject;
			attributes = {
				BuildIndependentTargetsInParallel = 1;
				LastSwiftUpdateCheck = 2630;
				LastUpgradeCheck = 2630;
				TargetAttributes = {
					91EDC5B7306FD0BB00AE5061 = {
						CreatedOnToolsVersion = 26.3;
						LastSwiftMigration = 2630;
					};
					91EDC5C6306FD0BE00AE5061 = {
						CreatedOnToolsVersion = 26.3;
						TestTargetID = 91EDC5B7306FD0BB00AE5061;
					};
				};
			};
			buildConfigurationList = 91EDC5B3306FD0BB00AE5061 /* Build configuration list for PBXProject "CampusLost" */;
			developmentRegion = en;
			hasScannedForEncodings = 0;
			knownRegions = (
				en,
				Base,
			);
			mainGroup = 91EDC5AF306FD0BB00AE5061;
			minimizedProjectReferenceProxies = 1;
			preferredProjectObjectVersion = 77;
			productRefGroup = 91EDC5B9306FD0BB00AE5061 /* Products */;
			projectDirPath = "";
			projectRoot = "";
			targets = (
				91EDC5B7306FD0BB00AE5061 /* CampusLost */,
				91EDC5C6306FD0BE00AE5061 /* CampusLostTests */,
			);
		};
/* End PBXProject section */

/* Begin PBXResourcesBuildPhase section */
		91EDC5B6306FD0BB00AE5061 /* Resources */ = {
			isa = PBXResourcesBuildPhase;
			buildActionMask = 2147483647;
			files = (
				91EDC6733070D06300AE5061 /* Assets.xcassets in Resources */,
			);
			runOnlyForDeploymentPostprocessing = 0;
		};
		91EDC5C5306FD0BE00AE5061 /* Resources */ = {
			isa = PBXResourcesBuildPhase;
			buildActionMask = 2147483647;
			files = (
			);
			runOnlyForDeploymentPostprocessing = 0;
		};
/* End PBXResourcesBuildPhase section */

/* Begin PBXSourcesBuildPhase section */
		91EDC5B4306FD0BB00AE5061 /* Sources */ = {
			isa = PBXSourcesBuildPhase;
			buildActionMask = 2147483647;
			files = (
				91EDC6723070D06300AE5061 /* CampusLost.xcdatamodeld in Sources */,
				91EDC66D3070D03300AE5061 /* CampusLostApp.swift in Sources */,
			);
			runOnlyForDeploymentPostprocessing = 0;
		};
		91EDC5C3306FD0BE00AE5061 /* Sources */ = {
			isa = PBXSourcesBuildPhase;
			buildActionMask = 2147483647;
			files = (
			);
			runOnlyForDeploymentPostprocessing = 0;
		};
/* End PBXSourcesBuildPhase section */

/* Begin PBXTargetDependency section */
		91EDC5C9306FD0BE00AE5061 /* PBXTargetDependency */ = {
			isa = PBXTargetDependency;
			target = 91EDC5B7306FD0BB00AE5061 /* CampusLost */;
			targetProxy = 91EDC5C8306FD0BE00AE5061 /* PBXContainerItemProxy */;
		};
/* End PBXTargetDependency section */

/* Begin XCBuildConfiguration section */
		91EDC5D9306FD0BE00AE5061 /* Debug */ = {
			isa = XCBuildConfiguration;
			buildSettings = {
				ALWAYS_SEARCH_USER_PATHS = NO;
				ASSETCATALOG_COMPILER_GENERATE_SWIFT_ASSET_SYMBOL_EXTENSIONS = YES;
				CLANG_ANALYZER_NONNULL = YES;
				CLANG_ANALYZER_NUMBER_OBJECT_CONVERSION = YES_AGGRESSIVE;
				CLANG_CXX_LANGUAGE_STANDARD = "gnu++20";
				CLANG_ENABLE_MODULES = YES;
				CLANG_ENABLE_OBJC_ARC = YES;
				CLANG_ENABLE_OBJC_WEAK = YES;
				CLANG_WARN_BLOCK_CAPTURE_AUTORELEASING = YES;
				CLANG_WARN_BOOL_CONVERSION = YES;
				CLANG_WARN_COMMA = YES;
				CLANG_WARN_CONSTANT_CONVERSION = YES;
				CLANG_WARN_DEPRECATED_OBJC_IMPLEMENTATIONS = YES;
				CLANG_WARN_DIRECT_OBJC_ISA_USAGE = YES_ERROR;
				CLANG_WARN_DOCUMENTATION_COMMENTS = YES;
				CLANG_WARN_EMPTY_BODY = YES;
				CLANG_WARN_ENUM_CONVERSION = YES;
				CLANG_WARN_INFINITE_RECURSION = YES;
				CLANG_WARN_INT_CONVERSION = YES;
				CLANG_WARN_NON_LITERAL_NULL_CONVERSION = YES;
				CLANG_WARN_OBJC_IMPLICIT_RETAIN_SELF = YES;
				CLANG_WARN_OBJC_LITERAL_CONVERSION = YES;
				CLANG_WARN_OBJC_ROOT_CLASS = YES_ERROR;
				CLANG_WARN_QUOTED_INCLUDE_IN_FRAMEWORK_HEADER = YES;
				CLANG_WARN_RANGE_LOOP_ANALYSIS = YES;
				CLANG_WARN_STRICT_PROTOTYPES = YES;
				CLANG_WARN_SUSPICIOUS_MOVE = YES;
				CLANG_WARN_UNGUARDED_AVAILABILITY = YES_AGGRESSIVE;
				CLANG_WARN_UNREACHABLE_CODE = YES;
				CLANG_WARN__DUPLICATE_METHOD_MATCH = YES;
				COPY_PHASE_STRIP = NO;
				DEBUG_INFORMATION_FORMAT = dwarf;
				ENABLE_STRICT_OBJC_MSGSEND = YES;
				ENABLE_TESTABILITY = YES;
				ENABLE_USER_SCRIPT_SANDBOXING = YES;
				GCC_C_LANGUAGE_STANDARD = gnu17;
				GCC_DYNAMIC_NO_PIC = NO;
				GCC_NO_COMMON_BLOCKS = YES;
				GCC_OPTIMIZATION_LEVEL = 0;
				GCC_PREPROCESSOR_DEFINITIONS = (
					"DEBUG=1",
					"$(inherited)",
				);
				GCC_WARN_64_TO_32_BIT_CONVERSION = YES;
				GCC_WARN_ABOUT_RETURN_TYPE = YES_ERROR;
				GCC_WARN_UNDECLARED_SELECTOR = YES;
				GCC_WARN_UNINITIALIZED_AUTOS = YES_AGGRESSIVE;
				GCC_WARN_UNUSED_FUNCTION = YES;
				GCC_WARN_UNUSED_VARIABLE = YES;
				IPHONEOS_DEPLOYMENT_TARGET = 26.2;
				LOCALIZATION_PREFERS_STRING_CATALOGS = YES;
				MTL_ENABLE_DEBUG_INFO = INCLUDE_SOURCE;
				MTL_FAST_MATH = YES;
				ONLY_ACTIVE_ARCH = YES;
				SDKROOT = iphoneos;
				SWIFT_ACTIVE_COMPILATION_CONDITIONS = "DEBUG $(inherited)";
				SWIFT_OPTIMIZATION_LEVEL = "-Onone";
			};
			name = Debug;
		};
		91EDC5DA306FD0BE00AE5061 /* Release */ = {
			isa = XCBuildConfiguration;
			buildSettings = {
				ALWAYS_SEARCH_USER_PATHS = NO;
				ASSETCATALOG_COMPILER_GENERATE_SWIFT_ASSET_SYMBOL_EXTENSIONS = YES;
				CLANG_ANALYZER_NONNULL = YES;
				CLANG_ANALYZER_NUMBER_OBJECT_CONVERSION = YES_AGGRESSIVE;
				CLANG_CXX_LANGUAGE_STANDARD = "gnu++20";
				CLANG_ENABLE_MODULES = YES;
				CLANG_ENABLE_OBJC_ARC = YES;
				CLANG_ENABLE_OBJC_WEAK = YES;
				CLANG_WARN_BLOCK_CAPTURE_AUTORELEASING = YES;
				CLANG_WARN_BOOL_CONVERSION = YES;
				CLANG_WARN_COMMA = YES;
				CLANG_WARN_CONSTANT_CONVERSION = YES;
				CLANG_WARN_DEPRECATED_OBJC_IMPLEMENTATIONS = YES;
				CLANG_WARN_DIRECT_OBJC_ISA_USAGE = YES_ERROR;
				CLANG_WARN_DOCUMENTATION_COMMENTS = YES;
				CLANG_WARN_EMPTY_BODY = YES;
				CLANG_WARN_ENUM_CONVERSION = YES;
				CLANG_WARN_INFINITE_RECURSION = YES;
				CLANG_WARN_INT_CONVERSION = YES;
				CLANG_WARN_NON_LITERAL_NULL_CONVERSION = YES;
				CLANG_WARN_OBJC_IMPLICIT_RETAIN_SELF = YES;
				CLANG_WARN_OBJC_LITERAL_CONVERSION = YES;
				CLANG_WARN_OBJC_ROOT_CLASS = YES_ERROR;
				CLANG_WARN_QUOTED_INCLUDE_IN_FRAMEWORK_HEADER = YES;
				CLANG_WARN_RANGE_LOOP_ANALYSIS = YES;
				CLANG_WARN_STRICT_PROTOTYPES = YES;
				CLANG_WARN_SUSPICIOUS_MOVE = YES;
				CLANG_WARN_UNGUARDED_AVAILABILITY = YES_AGGRESSIVE;
				CLANG_WARN_UNREACHABLE_CODE = YES;
				CLANG_WARN__DUPLICATE_METHOD_MATCH = YES;
				COPY_PHASE_STRIP = NO;
				DEBUG_INFORMATION_FORMAT = "dwarf-with-dsym";
				ENABLE_NS_ASSERTIONS = NO;
				ENABLE_STRICT_OBJC_MSGSEND = YES;
				ENABLE_USER_SCRIPT_SANDBOXING = YES;
				GCC_C_LANGUAGE_STANDARD = gnu17;
				GCC_NO_COMMON_BLOCKS = YES;
				GCC_WARN_64_TO_32_BIT_CONVERSION = YES;
				GCC_WARN_ABOUT_RETURN_TYPE = YES_ERROR;
				GCC_WARN_UNDECLARED_SELECTOR = YES;
				GCC_WARN_UNINITIALIZED_AUTOS = YES_AGGRESSIVE;
				GCC_WARN_UNUSED_FUNCTION = YES;
				GCC_WARN_UNUSED_VARIABLE = YES;
				IPHONEOS_DEPLOYMENT_TARGET = 26.2;
				LOCALIZATION_PREFERS_STRING_CATALOGS = YES;
				MTL_ENABLE_DEBUG_INFO = NO;
				MTL_FAST_MATH = YES;
				SDKROOT = iphoneos;
				SWIFT_COMPILATION_MODE = wholemodule;
				VALIDATE_PRODUCT = YES;
			};
			name = Release;
		};
		91EDC5DC306FD0BE00AE5061 /* Debug */ = {
			isa = XCBuildConfiguration;
			buildSettings = {
				ASSETCATALOG_COMPILER_APPICON_NAME = AppIcon;
				ASSETCATALOG_COMPILER_GLOBAL_ACCENT_COLOR_NAME = AccentColor;
				CLANG_ENABLE_MODULES = YES;
				CODE_SIGN_ENTITLEMENTS = CampusLost.entitlements;
				CODE_SIGN_STYLE = Automatic;
				CURRENT_PROJECT_VERSION = 1;
				DEVELOPMENT_TEAM = 893Y7L7B66;
				ENABLE_PREVIEWS = YES;
				GENERATE_INFOPLIST_FILE = YES;
				INFOPLIST_KEY_UIApplicationSceneManifest_Generation = YES;
				INFOPLIST_KEY_UIApplicationSupportsIndirectInputEvents = YES;
				INFOPLIST_KEY_UILaunchScreen_Generation = YES;
				INFOPLIST_KEY_UISupportedInterfaceOrientations_iPad = "UIInterfaceOrientationPortrait UIInterfaceOrientationPortraitUpsideDown UIInterfaceOrientationLandscapeLeft UIInterfaceOrientationLandscapeRight";
				INFOPLIST_KEY_UISupportedInterfaceOrientations_iPhone = "UIInterfaceOrientationPortrait UIInterfaceOrientationLandscapeLeft UIInterfaceOrientationLandscapeRight";
				LD_RUNPATH_SEARCH_PATHS = (
					"$(inherited)",
					"@executable_path/Frameworks",
				);
				MARKETING_VERSION = 1.0;
				PRODUCT_BUNDLE_IDENTIFIER = Neha.CampusLost;
				PRODUCT_NAME = "$(TARGET_NAME)";
				STRING_CATALOG_GENERATE_SYMBOLS = YES;
				SWIFT_APPROACHABLE_CONCURRENCY = YES;
				SWIFT_DEFAULT_ACTOR_ISOLATION = nonisolated;
				SWIFT_EMIT_LOC_STRINGS = YES;
				SWIFT_OPTIMIZATION_LEVEL = "-Onone";
				SWIFT_UPCOMING_FEATURE_MEMBER_IMPORT_VISIBILITY = YES;
				SWIFT_VERSION = 5.0;
				TARGETED_DEVICE_FAMILY = "1,2";
			};
			name = Debug;
		};
		91EDC5DD306FD0BE00AE5061 /* Release */ = {
			isa = XCBuildConfiguration;
			buildSettings = {
				ASSETCATALOG_COMPILER_APPICON_NAME = AppIcon;
				ASSETCATALOG_COMPILER_GLOBAL_ACCENT_COLOR_NAME = AccentColor;
				CLANG_ENABLE_MODULES = YES;
				CODE_SIGN_ENTITLEMENTS = CampusLost.entitlements;
				CODE_SIGN_STYLE = Automatic;
				CURRENT_PROJECT_VERSION = 1;
				DEVELOPMENT_TEAM = 893Y7L7B66;
				ENABLE_PREVIEWS = YES;
				GENERATE_INFOPLIST_FILE = YES;
				INFOPLIST_KEY_UIApplicationSceneManifest_Generation = YES;
				INFOPLIST_KEY_UIApplicationSupportsIndirectInputEvents = YES;
				INFOPLIST_KEY_UILaunchScreen_Generation = YES;
				INFOPLIST_KEY_UISupportedInterfaceOrientations_iPad = "UIInterfaceOrientationPortrait UIInterfaceOrientationPortraitUpsideDown UIInterfaceOrientationLandscapeLeft UIInterfaceOrientationLandscapeRight";
				INFOPLIST_KEY_UISupportedInterfaceOrientations_iPhone = "UIInterfaceOrientationPortrait UIInterfaceOrientationLandscapeLeft UIInterfaceOrientationLandscapeRight";
				LD_RUNPATH_SEARCH_PATHS = (
					"$(inherited)",
					"@executable_path/Frameworks",
				);
				MARKETING_VERSION = 1.0;
				PRODUCT_BUNDLE_IDENTIFIER = Neha.CampusLost;
				PRODUCT_NAME = "$(TARGET_NAME)";
				STRING_CATALOG_GENERATE_SYMBOLS = YES;
				SWIFT_APPROACHABLE_CONCURRENCY = YES;
				SWIFT_DEFAULT_ACTOR_ISOLATION = nonisolated;
				SWIFT_EMIT_LOC_STRINGS = YES;
				SWIFT_UPCOMING_FEATURE_MEMBER_IMPORT_VISIBILITY = YES;
				SWIFT_VERSION = 5.0;
				TARGETED_DEVICE_FAMILY = "1,2";
			};
			name = Release;
		};
		91EDC5DF306FD0BE00AE5061 /* Debug */ = {
			isa = XCBuildConfiguration;
			buildSettings = {
				BUNDLE_LOADER = "$(TEST_HOST)";
				CODE_SIGN_STYLE = Automatic;
				CURRENT_PROJECT_VERSION = 1;
				GENERATE_INFOPLIST_FILE = YES;
				IPHONEOS_DEPLOYMENT_TARGET = 26.2;
				MARKETING_VERSION = 1.0;
				PRODUCT_BUNDLE_IDENTIFIER = Neha.CampusLostTests;
				PRODUCT_NAME = "$(TARGET_NAME)";
				STRING_CATALOG_GENERATE_SYMBOLS = NO;
				SWIFT_APPROACHABLE_CONCURRENCY = YES;
				SWIFT_EMIT_LOC_STRINGS = NO;
				SWIFT_UPCOMING_FEATURE_MEMBER_IMPORT_VISIBILITY = YES;
				SWIFT_VERSION = 5.0;
				TARGETED_DEVICE_FAMILY = "1,2";
				TEST_HOST = "$(BUILT_PRODUCTS_DIR)/CampusLost.app/$(BUNDLE_EXECUTABLE_FOLDER_PATH)/CampusLost";
			};
			name = Debug;
		};
		91EDC5E0306FD0BE00AE5061 /* Release */ = {
			isa = XCBuildConfiguration;
			buildSettings = {
				BUNDLE_LOADER = "$(TEST_HOST)";
				CODE_SIGN_STYLE = Automatic;
				CURRENT_PROJECT_VERSION = 1;
				GENERATE_INFOPLIST_FILE = YES;
				IPHONEOS_DEPLOYMENT_TARGET = 26.2;
				MARKETING_VERSION = 1.0;
				PRODUCT_BUNDLE_IDENTIFIER = Neha.CampusLostTests;
				PRODUCT_NAME = "$(TARGET_NAME)";
				STRING_CATALOG_GENERATE_SYMBOLS = NO;
				SWIFT_APPROACHABLE_CONCURRENCY = YES;
				SWIFT_EMIT_LOC_STRINGS = NO;
				SWIFT_UPCOMING_FEATURE_MEMBER_IMPORT_VISIBILITY = YES;
				SWIFT_VERSION = 5.0;
				TARGETED_DEVICE_FAMILY = "1,2";
				TEST_HOST = "$(BUILT_PRODUCTS_DIR)/CampusLost.app/$(BUNDLE_EXECUTABLE_FOLDER_PATH)/CampusLost";
			};
			name = Release;
		};
/* End XCBuildConfiguration section */

/* Begin XCConfigurationList section */
		91EDC5B3306FD0BB00AE5061 /* Build configuration list for PBXProject "CampusLost" */ = {
			isa = XCConfigurationList;
			buildConfigurations = (
				91EDC5D9306FD0BE00AE5061 /* Debug */,
				91EDC5DA306FD0BE00AE5061 /* Release */,
			);
			defaultConfigurationIsVisible = 0;
			defaultConfigurationName = Release;
		};
		91EDC5DB306FD0BE00AE5061 /* Build configuration list for PBXNativeTarget "CampusLost" */ = {
			isa = XCConfigurationList;
			buildConfigurations = (
				91EDC5DC306FD0BE00AE5061 /* Debug */,
				91EDC5DD306FD0BE00AE5061 /* Release */,
			);
			defaultConfigurationIsVisible = 0;
			defaultConfigurationName = Release;
		};
		91EDC5DE306FD0BE00AE5061 /* Build configuration list for PBXNativeTarget "CampusLostTests" */ = {
			isa = XCConfigurationList;
			buildConfigurations = (
				91EDC5DF306FD0BE00AE5061 /* Debug */,
				91EDC5E0306FD0BE00AE5061 /* Release */,
			);
			defaultConfigurationIsVisible = 0;
			defaultConfigurationName = Release;
		};
/* End XCConfigurationList section */

/* Begin XCVersionGroup section */
		91EDC6703070D06300AE5061 /* CampusLost.xcdatamodeld */ = {
			isa = XCVersionGroup;
			children = (
				91EDC6713070D06300AE5061 /* CampusLost.xcdatamodel */,
			);
			currentVersion = 91EDC6713070D06300AE5061 /* CampusLost.xcdatamodel */;
			path = CampusLost.xcdatamodeld;
			sourceTree = "<group>";
			versionGroupType = wrapper.xcdatamodel;
		};
/* End XCVersionGroup section */
	};
	rootObject = 91EDC5B0306FD0BB00AE5061 /* Project object */;
}
